// !$*UTF8*$!
{
	archiveVersion = 1;
	classes = {
	};
	objectVersion = 46;
	objects = {

/* Begin PBXBuildFile section */
		18880C5B1F0A0AFA00F46571 /* AppDelegate.swift in Sources */ = {isa = PBXBuildFile; fileRef = 18880C5A1F0A0AFA00F46571 /* AppDelegate.swift */; };
		18880C601F0A0AFA00F46571 /* Main.storyboard in Resources */ = {isa = PBXBuildFile; fileRef = 18880C5E1F0A0AFA00F46571 /* Main.storyboard */; };
		18880C621F0A0AFA00F46571 /* Assets.xcassets in Resources */ = {isa = PBXBuildFile; fileRef = 18880C611F0A0AFA00F46571 /* Assets.xcassets */; };
		18880C651F0A0AFA00F46571 /* LaunchScreen.storyboard in Resources */ = {isa = PBXBuildFile; fileRef = 18880C631F0A0AFA00F46571 /* LaunchScreen.storyboard */; };
		18880C6D1F0A2EB300F46571 /* Park.swift in Sources */ = {isa = PBXBuildFile; fileRef = 18880C6C1F0A2EB300F46571 /* Park.swift */; };
		18880C711F0A351000F46571 /* TabBarViewController.swift in Sources */ = {isa = PBXBuildFile; fileRef = 18880C701F0A351000F46571 /* TabBarViewController.swift */; };
		18880C741F0A364900F46571 /* FestivalManager.swift in Sources */ = {isa = PBXBuildFile; fileRef = 18880C731F0A364900F46571 /* FestivalManager.swift */; };
		18880C761F0A3A6500F46571 /* HttpManager.swift in Sources */ = {isa = PBXBuildFile; fileRef = 18880C751F0A3A6500F46571 /* HttpManager.swift */; };
		18880C781F0A3AB400F46571 /* ImageManager.swift in Sources */ = {isa = PBXBuildFile; fileRef = 18880C771F0A3AB400F46571 /* ImageManager.swift */; };
		3F123ED21F0A80AF00672D97 /* Festival.swift in Sources */ = {isa = PBXBuildFile; fileRef = 3F123ED11F0A80AF00672D97 /* Festival.swift */; };
		3F123ED41F0A89BB00672D97 /* Response.swift in Sources */ = {isa = PBXBuildFile; fileRef = 3F123ED31F0A89BB00672D97 /* Response.swift */; };
		3F123ED61F0A8AF700672D97 /* Header.swift in Sources */ = {isa = PBXBuildFile; fileRef = 3F123ED51F0A8AF700672D97 /* Header.swift */; };
		3F123ED81F0A8D2100672D97 /* Items.swift in Sources */ = {isa = PBXBuildFile; fileRef = 3F123ED71F0A8D2100672D97 /* Items.swift */; };
		3F123EDC1F0A8F2D00672D97 /* Body.swift in Sources */ = {isa = PBXBuildFile; fileRef = 3F123EDB1F0A8F2D00672D97 /* Body.swift */; };
		5A918999D6B754411BF9DFE7 /* Pods_TestApp.framework in Frameworks */ = {isa = PBXBuildFile; fileRef = 582E1A73A0525E60BE644DF6 /* Pods_TestApp.framework */; };
/* End PBXBuildFile section */

/* Begin PBXFileReference section */
		18880C571F0A0AFA00F46571 /* TestApp.app */ = {isa = PBXFileReference; explicitFileType = wrapper.application; includeInIndex = 0; path = TestApp.app; sourceTree = BUILT_PRODUCTS_DIR; };
		18880C5A1F0A0AFA00F46571 /* AppDelegate.swift */ = {isa = PBXFileReference; lastKnownFileType = sourcecode.swift; path = AppDelegate.swift; sourceTree = "<group>"; };
		18880C5F1F0A0AFA00F46571 /* Base */ = {isa = PBXFileReference; lastKnownFileType = file.storyboard; name = Base; path = Base.lproj/Main.storyboard; sourceTree = "<group>"; };
		18880C611F0A0AFA00F46571 /* Assets.xcassets */ = {isa = PBXFileReference; lastKnownFileType = folder.assetcatalog; path = Assets.xcassets; sourceTree = "<group>"; };
		18880C641F0A0AFA00F46571 /* Base */ = {isa = PBXFileReference; lastKnownFileType = file.storyboard; name = Base; path = Base.lproj/LaunchScreen.storyboard; sourceTree = "<group>"; };
		18880C661F0A0AFA00F46571 /* Info.plist */ = {isa = PBXFileReference; lastKnownFileType = text.plist.xml; path = Info.plist; sourceTree = "<group>"; };
		18880C6C1F0A2EB300F46571 /* Park.swift */ = {isa = PBXFileReference; fileEncoding = 4; lastKnownFileType = sourcecode.swift; path = Park.swift; sourceTree = "<group>"; };
		18880C701F0A351000F46571 /* TabBarViewController.swift */ = {isa = PBXFileReference; fileEncoding = 4; lastKnownFileType = sourcecode.swift; path = TabBarViewController.swift; sourceTree = "<group>"; };
		18880C731F0A364900F46571 /* FestivalManager.swift */ = {isa = PBXFileReference; fileEncoding = 4; lastKnownFileType = sourcecode.swift; path = FestivalManager.swift; sourceTree = "<group>"; };
		18880C751F0A3A6500F46571 /* HttpManager.swift */ = {isa = PBXFileReference; fileEncoding = 4; lastKnownFileType = sourcecode.swift; path = HttpManager.swift; sourceTree = "<group>"; };
		18880C771F0A3AB400F46571 /* ImageManager.swift */ = {isa = PBXFileReference; fileEncoding = 4; lastKnownFileType = sourcecode.swift; path = ImageManager.swift; sourceTree = "<group>"; };
		254A8FF8A92D1BB5821D5372 /* Pods-TestApp.debug.xcconfig */ = {isa = PBXFileReference; includeInIndex = 1; lastKnownFileType = text.xcconfig; name = "Pods-TestApp.debug.xcconfig"; path = "Pods/Target Support Files/Pods-TestApp/Pods-TestApp.debug.xcconfig"; sourceTree = "<group>"; };
		3F123ED11F0A80AF00672D97 /* Festival.swift */ = {isa = PBXFileReference; fileEncoding = 4; lastKnownFileType = sourcecode.swift; path = Festival.swift; sourceTree = "<group>"; };
		3F123ED31F0A89BB00672D97 /* Response.swift */ = {isa = PBXFileReference; fileEncoding = 4; lastKnownFileType = sourcecode.swift; path = Response.swift; sourceTree = "<group>"; };
		3F123ED51F0A8AF700672D97 /* Header.swift */ = {isa = PBXFileReference; fileEncoding = 4; lastKnownFileType = sourcecode.swift; path = Header.swift; sourceTree = "<group>"; };
		3F123ED71F0A8D2100672D97 /* Items.swift */ = {isa = PBXFileReference; fileEncoding = 4; lastKnownFileType = sourcecode.swift; path = Items.swift; sourceTree = "<group>"; };
		3F123EDB1F0A8F2D00672D97 /* Body.swift */ = {isa = PBXFileReference; fileEncoding = 4; lastKnownFileType = sourcecode.swift; path = Body.swift; sourceTree = "<group>"; };
		582E1A73A0525E60BE644DF6 /* Pods_TestApp.framework */ = {isa = PBXFileReference; explicitFileType = wrapper.framework; includeInIndex = 0; path = Pods_TestApp.framework; sourceTree = BUILT_PRODUCTS_DIR; };
		ADD61EA3BB6096D40A763499 /* Pods-TestApp.release.xcconfig */ = {isa = PBXFileReference; includeInIndex = 1; lastKnownFileType = text.xcconfig; name = "Pods-TestApp.release.xcconfig"; path = "Pods/Target Support Files/Pods-TestApp/Pods-TestApp.release.xcconfig"; sourceTree = "<group>"; };
/* End PBXFileReference section */

/* Begin PBXFrameworksBuildPhase section */
		18880C541F0A0AFA00F46571 /* Frameworks */ = {
			isa = PBXFrameworksBuildPhase;
			buildActionMask = 2147483647;
			files = (
				5A918999D6B754411BF9DFE7 /* Pods_TestApp.framework in Frameworks */,
			);
			runOnlyForDeploymentPostprocessing = 0;
		};
/* End PBXFrameworksBuildPhase section */

/* Begin PBXGroup section */
		18880C4E1F0A0AFA00F46571 = {
			isa = PBXGroup;
			children = (
				18880C591F0A0AFA00F46571 /* TestApp */,
				18880C581F0A0AFA00F46571 /* Products */,
				ADC493375D8D36F1F910DFFF /* Pods */,
				DC1095BA95AFF61D2F5AFE02 /* Frameworks */,
			);
			sourceTree = "<group>";
		};
		18880C581F0A0AFA00F46571 /* Products */ = {
			isa = PBXGroup;
			children = (
				18880C571F0A0AFA00F46571 /* TestApp.app */,
			);
			name = Products;
			sourceTree = "<group>";
		};
		18880C591F0A0AFA00F46571 /* TestApp */ = {
			isa = PBXGroup;
			children = (
				3F123ED01F0A801E00672D97 /* Model */,
				18880C791F0A433700F46571 /* Controller */,
				18880C721F0A362D00F46571 /* Network */,
				18880C5A1F0A0AFA00F46571 /* AppDelegate.swift */,
				18880C5E1F0A0AFA00F46571 /* Main.storyboard */,
				18880C6C1F0A2EB300F46571 /* Park.swift */,
				18880C611F0A0AFA00F46571 /* Assets.xcassets */,
				18880C631F0A0AFA00F46571 /* LaunchScreen.storyboard */,
				18880C661F0A0AFA00F46571 /* Info.plist */,
			);
			path = TestApp;
			sourceTree = "<group>";
		};
		18880C721F0A362D00F46571 /* Network */ = {
			isa = PBXGroup;
			children = (
				18880C751F0A3A6500F46571 /* HttpManager.swift */,
				18880C731F0A364900F46571 /* FestivalManager.swift */,
				18880C771F0A3AB400F46571 /* ImageManager.swift */,
			);
			name = Network;
			sourceTree = "<group>";
		};
		18880C791F0A433700F46571 /* Controller */ = {
			isa = PBXGroup;
			children = (
				18880C701F0A351000F46571 /* TabBarViewController.swift */,
			);
			name = Controller;
			sourceTree = "<group>";
		};
		3F123ED01F0A801E00672D97 /* Model */ = {
			isa = PBXGroup;
			children = (
				3F123ED31F0A89BB00672D97 /* Response.swift */,
				3F123ED51F0A8AF700672D97 /* Header.swift */,
				3F123EDB1F0A8F2D00672D97 /* Body.swift */,
				3F123ED11F0A80AF00672D97 /* Festival.swift */,
				3F123ED71F0A8D2100672D97 /* Items.swift */,
			);
			name = Model;
			sourceTree = "<group>";
		};
		ADC493375D8D36F1F910DFFF /* Pods */ = {
			isa = PBXGroup;
			children = (
				254A8FF8A92D1BB5821D5372 /* Pods-TestApp.debug.xcconfig */,
				ADD61EA3BB6096D40A763499 /* Pods-TestApp.release.xcconfig */,
			);
			name = Pods;
			sourceTree = "<group>";
		};
		DC1095BA95AFF61D2F5AFE02 /* Frameworks */ = {
			isa = PBXGroup;
			children = (
				582E1A73A0525E60BE644DF6 /* Pods_TestApp.framework */,
			);
			name = Frameworks;
			sourceTree = "<group>";
		};
/* End PBXGroup section */

/* Begin PBXNativeTarget section */
		18880C561F0A0AFA00F46571 /* TestApp */ = {
			isa = PBXNativeTarget;
			buildConfigurationList = 18880C691F0A0AFA00F46571 /* Build configuration list for PBXNativeTarget "TestApp" */;
			buildPhases = (
				DB400CDEF4486004D700807E /* [CP] Check Pods Manifest.lock */,
				18880C531F0A0AFA00F46571 /* Sources */,
				18880C541F0A0AFA00F46571 /* Frameworks */,
				18880C551F0A0AFA00F46571 /* Resources */,
				01B15B2CA7ED54B66F4A65B3 /* [CP] Embed Pods Frameworks */,
				F3ADD2E94632E923DAC31E2B /* [CP] Copy Pods Resources */,
			);
			buildRules = (
			);
			dependencies = (
			);
			name = TestApp;
			productName = TestApp;
			productReference = 18880C571F0A0AFA00F46571 /* TestApp.app */;
			productType = "com.apple.product-type.application";
		};
/* End PBXNativeTarget section */

/* Begin PBXProject section */
		18880C4F1F0A0AFA00F46571 /* Project object */ = {
			isa = PBXProject;
			attributes = {
				LastSwiftUpdateCheck = 0830;
				LastUpgradeCheck = 0830;
				ORGANIZATIONNAME = hany;
				TargetAttributes = {
					18880C561F0A0AFA00F46571 = {
						CreatedOnToolsVersion = 8.3.3;
						DevelopmentTeam = 5AR46C3QNP;
						ProvisioningStyle = Automatic;
					};
				};
			};
			buildConfigurationList = 18880C521F0A0AFA00F46571 /* Build configuration list for PBXProject "TestApp" */;
			compatibilityVersion = "Xcode 3.2";
			developmentRegion = English;
			hasScannedForEncodings = 0;
			knownRegions = (
				en,
				Base,
			);
			mainGroup = 18880C4E1F0A0AFA00F46571;
			productRefGroup = 18880C581F0A0AFA00F46571 /* Products */;
			projectDirPath = "";
			projectRoot = "";
			targets = (
				18880C561F0A0AFA00F46571 /* TestApp */,
			);
		};
/* End PBXProject section */

/* Begin PBXResourcesBuildPhase section */
		18880C551F0A0AFA00F46571 /* Resources */ = {
			isa = PBXResourcesBuildPhase;
			buildActionMask = 2147483647;
			files = (
				18880C651F0A0AFA00F46571 /* LaunchScreen.storyboard in Resources */,
				18880C621F0A0AFA00F46571 /* Assets.xcassets in Resources */,
				18880C601F0A0AFA00F46571 /* Main.storyboard in Resources */,
			);
			runOnlyForDeploymentPostprocessing = 0;
		};
/* End PBXResourcesBuildPhase section */

/* Begin PBXShellScriptBuildPhase section */
		01B15B2CA7ED54B66F4A65B3 /* [CP] Embed Pods Frameworks */ = {
			isa = PBXShellScriptBuildPhase;
			buildActionMask = 2147483647;
			files = (
			);
			inputPaths = (
			);
			name = "[CP] Embed Pods Frameworks";
			outputPaths = (
			);
			runOnlyForDeploymentPostprocessing = 0;
			shellPath = /bin/sh;
			shellScript = "\"${SRCROOT}/Pods/Target Support Files/Pods-TestApp/Pods-TestApp-frameworks.sh\"\n";
			showEnvVarsInLog = 0;
		};
		DB400CDEF4486004D700807E /* [CP] Check Pods Manifest.lock */ = {
			isa = PBXShellScriptBuildPhase;
			buildActionMask = 2147483647;
			files = (
			);
			inputPaths = (
			);
			name = "[CP] Check Pods Manifest.lock";
			outputPaths = (
			);
			runOnlyForDeploymentPostprocessing = 0;
			shellPath = /bin/sh;
			shellScript = "diff \"${PODS_PODFILE_DIR_PATH}/Podfile.lock\" \"${PODS_ROOT}/Manifest.lock\" > /dev/null\nif [ $? != 0 ] ; then\n    # print error to STDERR\n    echo \"error: The sandbox is not in sync with the Podfile.lock. Run 'pod install' or update your CocoaPods installation.\" >&2\n    exit 1\nfi\n";
			showEnvVarsInLog = 0;
		};
		F3ADD2E94632E923DAC31E2B /* [CP] Copy Pods Resources */ = {
			isa = PBXShellScriptBuildPhase;
			buildActionMask = 2147483647;
			files = (
			);
			inputPaths = (
			);
			name = "[CP] Copy Pods Resources";
			outputPaths = (
			);
			runOnlyForDeploymentPostprocessing = 0;
			shellPath = /bin/sh;
			shellScript = "\"${SRCROOT}/Pods/Target Support Files/Pods-TestApp/Pods-TestApp-resources.sh\"\n";
			showEnvVarsInLog = 0;
		};
/* End PBXShellScriptBuildPhase section */

/* Begin PBXSourcesBuildPhase section */
		18880C531F0A0AFA00F46571 /* Sources */ = {
			isa = PBXSourcesBuildPhase;
			buildActionMask = 2147483647;
			files = (
				3F123EDC1F0A8F2D00672D97 /* Body.swift in Sources */,
				3F123ED41F0A89BB00672D97 /* Response.swift in Sources */,
				3F123ED61F0A8AF700672D97 /* Header.swift in Sources */,
				18880C711F0A351000F46571 /* TabBarViewController.swift in Sources */,
				18880C741F0A364900F46571 /* FestivalManager.swift in Sources */,
				3F123ED21F0A80AF00672D97 /* Festival.swift in Sources */,
				18880C781F0A3AB400F46571 /* ImageManager.swift in Sources */,
				3F123ED81F0A8D2100672D97 /* Items.swift in Sources */,
				18880C761F0A3A6500F46571 /* HttpManager.swift in Sources */,
				18880C6D1F0A2EB300F46571 /* Park.swift in Sources */,
				18880C5B1F0A0AFA00F46571 /* AppDelegate.swift in Sources */,
			);
			runOnlyForDeploymentPostprocessing = 0;
		};
/* End PBXSourcesBuildPhase section */

/* Begin PBXVariantGroup section */
		18880C5E1F0A0AFA00F46571 /* Main.storyboard */ = {
			isa = PBXVariantGroup;
			children = (
				18880C5F1F0A0AFA00F46571 /* Base */,
			);
			name = Main.storyboard;
			sourceTree = "<group>";
		};
		18880C631F0A0AFA00F46571 /* LaunchScreen.storyboard */ = {
			isa = PBXVariantGroup;
			children = (
				18880C641F0A0AFA00F46571 /* Base */,
			);
			name = LaunchScreen.storyboard;
			sourceTree = "<group>";
		};
/* End PBXVariantGroup section */

/* Begin XCBuildConfiguration section */
		18880C671F0A0AFA00F46571 /* Debug */ = {
			isa = XCBuildConfiguration;
			buildSettings = {
				ALWAYS_SEARCH_USER_PATHS = NO;
				CLANG_ANALYZER_NONNULL = YES;
				CLANG_ANALYZER_NUMBER_OBJECT_CONVERSION = YES_AGGRESSIVE;
				CLANG_CXX_LANGUAGE_STANDARD = "gnu++0x";
				CLANG_CXX_LIBRARY = "libc++";
				CLANG_ENABLE_MODULES = YES;
				CLANG_ENABLE_OBJC_ARC = YES;
				CLANG_WARN_BOOL_CONVERSION = YES;
				CLANG_WARN_CONSTANT_CONVERSION = YES;
				CLANG_WARN_DIRECT_OBJC_ISA_USAGE = YES_ERROR;
				CLANG_WARN_DOCUMENTATION_COMMENTS = YES;
				CLANG_WARN_EMPTY_BODY = YES;
				CLANG_WARN_ENUM_CONVERSION = YES;
				CLANG_WARN_INFINITE_RECURSION = YES;
				CLANG_WARN_INT_CONVERSION = YES;
				CLANG_WARN_OBJC_ROOT_CLASS = YES_ERROR;
				CLANG_WARN_SUSPICIOUS_MOVE = YES;
				CLANG_WARN_UNREACHABLE_CODE = YES;
				CLANG_WARN__DUPLICATE_METHOD_MATCH = YES;
				"CODE_SIGN_IDENTITY[sdk=iphoneos*]" = "iPhone Developer";
				COPY_PHASE_STRIP = NO;
				DEBUG_INFORMATION_FORMAT = dwarf;
				ENABLE_STRICT_OBJC_MSGSEND = YES;
				ENABLE_TESTABILITY = YES;
				GCC_C_LANGUAGE_STANDARD = gnu99;
				GCC_DYNAMIC_NO_PIC = NO;
				GCC_NO_COMMON_BLOCKS = YES;
				GCC_OPTIMIZATION_LEVEL = 0;
				GCC_PREPROCESSOR_DEFINITIONS = (
					"DEBUG=1",
					"$(inherited)",
				);
				GCC_WARN_64_TO_32_BIT_CONVERSION = YES;
				GCC_WARN_ABOUT_RETURN_TYPE = YES_ERROR;
				GCC_WARN_UNDECLARED_SELECTOR = YES;
				GCC_WARN_UNINITIALIZED_AUTOS = YES_AGGRESSIVE;
				GCC_WARN_UNUSED_FUNCTION = YES;
				GCC_WARN_UNUSED_VARIABLE = YES;
				IPHONEOS_DEPLOYMENT_TARGET = 10.3;
				MTL_ENABLE_DEBUG_INFO = YES;
				ONLY_ACTIVE_ARCH = YES;
				SDKROOT = iphoneos;
				SWIFT_ACTIVE_COMPILATION_CONDITIONS = DEBUG;
				SWIFT_OPTIMIZATION_LEVEL = "-Onone";
				TARGETED_DEVICE_FAMILY = "1,2";
			};
			name = Debug;
		};
		18880C681F0A0AFA00F46571 /* Release */ = {
			isa = XCBuildConfiguration;
			buildSettings = {
				ALWAYS_SEARCH_USER_PATHS = NO;
				CLANG_ANALYZER_NONNULL = YES;
				CLANG_ANALYZER_NUMBER_OBJECT_CONVERSION = YES_AGGRESSIVE;
				CLANG_CXX_LANGUAGE_STANDARD = "gnu++0x";
				CLANG_CXX_LIBRARY = "libc++";
				CLANG_ENABLE_MODULES = YES;
				CLANG_ENABLE_OBJC_ARC = YES;
				CLANG_WARN_BOOL_CONVERSION = YES;
				CLANG_WARN_CONSTANT_CONVERSION = YES;
				CLANG_WARN_DIRECT_OBJC_ISA_USAGE = YES_ERROR;
				CLANG_WARN_DOCUMENTATION_COMMENTS = YES;
				CLANG_WARN_EMPTY_BODY = YES;
				CLANG_WARN_ENUM_CONVERSION = YES;
				CLANG_WARN_INFINITE_RECURSION = YES;
				CLANG_WARN_INT_CONVERSION = YES;
				CLANG_WARN_OBJC_ROOT_CLASS = YES_ERROR;
				CLANG_WARN_SUSPICIOUS_MOVE = YES;
				CLANG_WARN_UNREACHABLE_CODE = YES;
				CLANG_WARN__DUPLICATE_METHOD_MATCH = YES;
				"CODE_SIGN_IDENTITY[sdk=iphoneos*]" = "iPhone Developer";
				COPY_PHASE_STRIP = NO;
				DEBUG_INFORMATION_FORMAT = "dwarf-with-dsym";
				ENABLE_NS_ASSERTIONS = NO;
				ENABLE_STRICT_OBJC_MSGSEND = YES;
				GCC_C_LANGUAGE_STANDARD = gnu99;
				GCC_NO_COMMON_BLOCKS = YES;
				GCC_WARN_64_TO_32_BIT_CONVERSION = YES;
				GCC_WARN_ABOUT_RETURN_TYPE = YES_ERROR;
				GCC_WARN_UNDECLARED_SELECTOR = YES;
				GCC_WARN_UNINITIALIZED_AUTOS = YES_AGGRESSIVE;
				GCC_WARN_UNUSED_FUNCTION = YES;
				GCC_WARN_UNUSED_VARIABLE = YES;
				IPHONEOS_DEPLOYMENT_TARGET = 10.3;
				MTL_ENABLE_DEBUG_INFO = NO;
				SDKROOT = iphoneos;
				SWIFT_OPTIMIZATION_LEVEL = "-Owholemodule";
				TARGETED_DEVICE_FAMILY = "1,2";
				VALIDATE_PRODUCT = YES;
			};
			name = Release;
		};
		18880C6A1F0A0AFA00F46571 /* Debug */ = {
			isa = XCBuildConfiguration;
			baseConfigurationReference = 254A8FF8A92D1BB5821D5372 /* Pods-TestApp.debug.xcconfig */;
			buildSettings = {
				ASSETCATALOG_COMPILER_APPICON_NAME = AppIcon;
				DEVELOPMENT_TEAM = 5AR46C3QNP;
				INFOPLIST_FILE = TestApp/Info.plist;
				IPHONEOS_DEPLOYMENT_TARGET = 9.0;
				LD_RUNPATH_SEARCH_PATHS = "$(inherited) @executable_path/Frameworks";
				PRODUCT_BUNDLE_IDENTIFIER = hanytest.TestApp;
				PRODUCT_NAME = "$(TARGET_NAME)";
				SWIFT_VERSION = 3.0;
				TARGETED_DEVICE_FAMILY = 1;
			};
			name = Debug;
		};
		18880C6B1F0A0AFA00F46571 /* Release */ = {
			isa = XCBuildConfiguration;
			baseConfigurationReference = ADD61EA3BB6096D40A763499 /* Pods-TestApp.release.xcconfig */;
			buildSettings = {
				ASSETCATALOG_COMPILER_APPICON_NAME = AppIcon;
				DEVELOPMENT_TEAM = 5AR46C3QNP;
				INFOPLIST_FILE = TestApp/Info.plist;
				IPHONEOS_DEPLOYMENT_TARGET = 9.0;
				LD_RUNPATH_SEARCH_PATHS = "$(inherited) @executable_path/Frameworks";
				PRODUCT_BUNDLE_IDENTIFIER = hanytest.TestApp;
				PRODUCT_NAME = "$(TARGET_NAME)";
				SWIFT_VERSION = 3.0;
				TARGETED_DEVICE_FAMILY = 1;
			};
			name = Release;
		};
/* End XCBuildConfiguration section */

/* Begin XCConfigurationList section */
		18880C521F0A0AFA00F46571 /* Build configuration list for PBXProject "TestApp" */ = {
			isa = XCConfigurationList;
			buildConfigurations = (
				18880C671F0A0AFA00F46571 /* Debug */,
				18880C681F0A0AFA00F46571 /* Release */,
			);
			defaultConfigurationIsVisible = 0;
			defaultConfigurationName = Release;
		};
		18880C691F0A0AFA00F46571 /* Build configuration list for PBXNativeTarget "TestApp" */ = {
			isa = XCConfigurationList;
			buildConfigurations = (
				18880C6A1F0A0AFA00F46571 /* Debug */,
				18880C6B1F0A0AFA00F46571 /* Release */,
			);
			defaultConfigurationIsVisible = 0;
			defaultConfigurationName = Release;
		};
/* End XCConfigurationList section */
	};
	rootObject = 18880C4F1F0A0AFA00F46571 /* Project object */;
}
