// !$*UTF8*$!
{
	archiveVersion = 1;
	classes = {
	};
	objectVersion = 46;
	objects = {

/* Begin PBXBuildFile section */
		18880C5B1F0A0AFA00F46571 /* AppDelegate.swift in Sources */ = {isa = PBXBuildFile; fileRef = 18880C5A1F0A0AFA00F46571 /* AppDelegate.swift */; };
		18880C601F0A0AFA00F46571 /* Main.storyboard in Resources */ = {isa = PBXBuildFile; fileRef = 18880C5E1F0A0AFA00F46571 /* Main.storyboard */; };
		18880C621F0A0AFA00F46571 /* Assets.xcassets in Resources */ = {isa = PBXBuildFile; fileRef = 18880C611F0A0AFA00F46571 /* Assets.xcassets */; };
		18880C651F0A0AFA00F46571 /* LaunchScreen.storyboard in Resources */ = {isa = PBXBuildFile; fileRef = 18880C631F0A0AFA00F46571 /* LaunchScreen.storyboard */; };
		18880C6D1F0A2EB300F46571 /* Park.swift in Sources */ = {isa = PBXBuildFile; fileRef = 18880C6C1F0A2EB300F46571 /* Park.swift */; };
		18880C741F0A364900F46571 /* FestivalManager.swift in Sources */ = {isa = PBXBuildFile; fileRef = 18880C731F0A364900F46571 /* FestivalManager.swift */; };
		18880C761F0A3A6500F46571 /* HttpManager.swift in Sources */ = {isa = PBXBuildFile; fileRef = 18880C751F0A3A6500F46571 /* HttpManager.swift */; };
		18880C781F0A3AB400F46571 /* ImageManager.swift in Sources */ = {isa = PBXBuildFile; fileRef = 18880C771F0A3AB400F46571 /* ImageManager.swift */; };
		3F1125821F11A297009C9A47 /* MainViewController.swift in Sources */ = {isa = PBXBuildFile; fileRef = 3F1125811F11A297009C9A47 /* MainViewController.swift */; };
		3F1125841F11A35E009C9A47 /* HomeViewController.swift in Sources */ = {isa = PBXBuildFile; fileRef = 3F1125831F11A35E009C9A47 /* HomeViewController.swift */; };
		3F1125871F11A44A009C9A47 /* MainBannerCell.swift in Sources */ = {isa = PBXBuildFile; fileRef = 3F1125851F11A44A009C9A47 /* MainBannerCell.swift */; };
		3F1125881F11A44A009C9A47 /* MainBannerCell.xib in Resources */ = {isa = PBXBuildFile; fileRef = 3F1125861F11A44A009C9A47 /* MainBannerCell.xib */; };
		3F11258D1F11A7EE009C9A47 /* Constants.swift in Sources */ = {isa = PBXBuildFile; fileRef = 3F11258C1F11A7EE009C9A47 /* Constants.swift */; };
		3F1125901F11A913009C9A47 /* ThemaCell.swift in Sources */ = {isa = PBXBuildFile; fileRef = 3F11258E1F11A913009C9A47 /* ThemaCell.swift */; };
		3F1125911F11A913009C9A47 /* ThemaCell.xib in Resources */ = {isa = PBXBuildFile; fileRef = 3F11258F1F11A913009C9A47 /* ThemaCell.xib */; };
		3F1125981F11A940009C9A47 /* BestPlaceCell.swift in Sources */ = {isa = PBXBuildFile; fileRef = 3F1125961F11A940009C9A47 /* BestPlaceCell.swift */; };
		3F1125991F11A940009C9A47 /* BestPlaceCell.xib in Resources */ = {isa = PBXBuildFile; fileRef = 3F1125971F11A940009C9A47 /* BestPlaceCell.xib */; };
		3F11259C1F11A968009C9A47 /* LocationRecommendCell.swift in Sources */ = {isa = PBXBuildFile; fileRef = 3F11259A1F11A968009C9A47 /* LocationRecommendCell.swift */; };
		3F11259D1F11A968009C9A47 /* LocationRecommendCell.xib in Resources */ = {isa = PBXBuildFile; fileRef = 3F11259B1F11A968009C9A47 /* LocationRecommendCell.xib */; };
		3F1125A01F11A9BB009C9A47 /* PersonalRecommendCell.swift in Sources */ = {isa = PBXBuildFile; fileRef = 3F11259E1F11A9BB009C9A47 /* PersonalRecommendCell.swift */; };
		3F1125A11F11A9BB009C9A47 /* PersonalRecommendCell.xib in Resources */ = {isa = PBXBuildFile; fileRef = 3F11259F1F11A9BB009C9A47 /* PersonalRecommendCell.xib */; };
		3F123ED21F0A80AF00672D97 /* Festival.swift in Sources */ = {isa = PBXBuildFile; fileRef = 3F123ED11F0A80AF00672D97 /* Festival.swift */; };
		3F123ED41F0A89BB00672D97 /* Response.swift in Sources */ = {isa = PBXBuildFile; fileRef = 3F123ED31F0A89BB00672D97 /* Response.swift */; };
		3F123ED61F0A8AF700672D97 /* Header.swift in Sources */ = {isa = PBXBuildFile; fileRef = 3F123ED51F0A8AF700672D97 /* Header.swift */; };
		3F123ED81F0A8D2100672D97 /* Items.swift in Sources */ = {isa = PBXBuildFile; fileRef = 3F123ED71F0A8D2100672D97 /* Items.swift */; };
		3F123EDC1F0A8F2D00672D97 /* Body.swift in Sources */ = {isa = PBXBuildFile; fileRef = 3F123EDB1F0A8F2D00672D97 /* Body.swift */; };
		3F1F89261F0D4F3A008DDD8B /* FestivalCell.swift in Sources */ = {isa = PBXBuildFile; fileRef = 3F1F89241F0D4F3A008DDD8B /* FestivalCell.swift */; };
		3F1F89271F0D4F3A008DDD8B /* FestivalCell.xib in Resources */ = {isa = PBXBuildFile; fileRef = 3F1F89251F0D4F3A008DDD8B /* FestivalCell.xib */; };
		DDDD3F9E55AE2DE69AFAD1C1 /* Pods_TestApp.framework in Frameworks */ = {isa = PBXBuildFile; fileRef = 10B5F428DB5BF0B0614EF4DF /* Pods_TestApp.framework */; };
/* End PBXBuildFile section */

/* Begin PBXFileReference section */
		10B5F428DB5BF0B0614EF4DF /* Pods_TestApp.framework */ = {isa = PBXFileReference; explicitFileType = wrapper.framework; includeInIndex = 0; path = Pods_TestApp.framework; sourceTree = BUILT_PRODUCTS_DIR; };
		18880C571F0A0AFA00F46571 /* TestApp.app */ = {isa = PBXFileReference; explicitFileType = wrapper.application; includeInIndex = 0; path = TestApp.app; sourceTree = BUILT_PRODUCTS_DIR; };
		18880C5A1F0A0AFA00F46571 /* AppDelegate.swift */ = {isa = PBXFileReference; lastKnownFileType = sourcecode.swift; path = AppDelegate.swift; sourceTree = "<group>"; };
		18880C5F1F0A0AFA00F46571 /* Base */ = {isa = PBXFileReference; lastKnownFileType = file.storyboard; name = Base; path = Base.lproj/Main.storyboard; sourceTree = "<group>"; };
		18880C611F0A0AFA00F46571 /* Assets.xcassets */ = {isa = PBXFileReference; lastKnownFileType = folder.assetcatalog; path = Assets.xcassets; sourceTree = "<group>"; };
		18880C641F0A0AFA00F46571 /* Base */ = {isa = PBXFileReference; lastKnownFileType = file.storyboard; name = Base; path = Base.lproj/LaunchScreen.storyboard; sourceTree = "<group>"; };
		18880C661F0A0AFA00F46571 /* Info.plist */ = {isa = PBXFileReference; lastKnownFileType = text.plist.xml; path = Info.plist; sourceTree = "<group>"; };
		18880C6C1F0A2EB300F46571 /* Park.swift */ = {isa = PBXFileReference; fileEncoding = 4; lastKnownFileType = sourcecode.swift; path = Park.swift; sourceTree = "<group>"; };
		18880C731F0A364900F46571 /* FestivalManager.swift */ = {isa = PBXFileReference; fileEncoding = 4; lastKnownFileType = sourcecode.swift; path = FestivalManager.swift; sourceTree = "<group>"; };
		18880C751F0A3A6500F46571 /* HttpManager.swift */ = {isa = PBXFileReference; fileEncoding = 4; lastKnownFileType = sourcecode.swift; path = HttpManager.swift; sourceTree = "<group>"; };
		18880C771F0A3AB400F46571 /* ImageManager.swift */ = {isa = PBXFileReference; fileEncoding = 4; lastKnownFileType = sourcecode.swift; path = ImageManager.swift; sourceTree = "<group>"; };
		3F1125811F11A297009C9A47 /* MainViewController.swift */ = {isa = PBXFileReference; fileEncoding = 4; lastKnownFileType = sourcecode.swift; path = MainViewController.swift; sourceTree = "<group>"; };
		3F1125831F11A35E009C9A47 /* HomeViewController.swift */ = {isa = PBXFileReference; fileEncoding = 4; lastKnownFileType = sourcecode.swift; path = HomeViewController.swift; sourceTree = "<group>"; };
		3F1125851F11A44A009C9A47 /* MainBannerCell.swift */ = {isa = PBXFileReference; fileEncoding = 4; lastKnownFileType = sourcecode.swift; path = MainBannerCell.swift; sourceTree = "<group>"; };
		3F1125861F11A44A009C9A47 /* MainBannerCell.xib */ = {isa = PBXFileReference; fileEncoding = 4; lastKnownFileType = file.xib; path = MainBannerCell.xib; sourceTree = "<group>"; };
		3F11258C1F11A7EE009C9A47 /* Constants.swift */ = {isa = PBXFileReference; fileEncoding = 4; lastKnownFileType = sourcecode.swift; path = Constants.swift; sourceTree = "<group>"; };
		3F11258E1F11A913009C9A47 /* ThemaCell.swift */ = {isa = PBXFileReference; fileEncoding = 4; lastKnownFileType = sourcecode.swift; path = ThemaCell.swift; sourceTree = "<group>"; };
		3F11258F1F11A913009C9A47 /* ThemaCell.xib */ = {isa = PBXFileReference; fileEncoding = 4; lastKnownFileType = file.xib; path = ThemaCell.xib; sourceTree = "<group>"; };
		3F1125961F11A940009C9A47 /* BestPlaceCell.swift */ = {isa = PBXFileReference; fileEncoding = 4; lastKnownFileType = sourcecode.swift; path = BestPlaceCell.swift; sourceTree = "<group>"; };
		3F1125971F11A940009C9A47 /* BestPlaceCell.xib */ = {isa = PBXFileReference; fileEncoding = 4; lastKnownFileType = file.xib; path = BestPlaceCell.xib; sourceTree = "<group>"; };
		3F11259A1F11A968009C9A47 /* LocationRecommendCell.swift */ = {isa = PBXFileReference; fileEncoding = 4; lastKnownFileType = sourcecode.swift; path = LocationRecommendCell.swift; sourceTree = "<group>"; };
		3F11259B1F11A968009C9A47 /* LocationRecommendCell.xib */ = {isa = PBXFileReference; fileEncoding = 4; lastKnownFileType = file.xib; path = LocationRecommendCell.xib; sourceTree = "<group>"; };
		3F11259E1F11A9BB009C9A47 /* PersonalRecommendCell.swift */ = {isa = PBXFileReference; fileEncoding = 4; lastKnownFileType = sourcecode.swift; path = PersonalRecommendCell.swift; sourceTree = "<group>"; };
		3F11259F1F11A9BB009C9A47 /* PersonalRecommendCell.xib */ = {isa = PBXFileReference; fileEncoding = 4; lastKnownFileType = file.xib; path = PersonalRecommendCell.xib; sourceTree = "<group>"; };
		3F123ED11F0A80AF00672D97 /* Festival.swift */ = {isa = PBXFileReference; fileEncoding = 4; lastKnownFileType = sourcecode.swift; path = Festival.swift; sourceTree = "<group>"; };
		3F123ED31F0A89BB00672D97 /* Response.swift */ = {isa = PBXFileReference; fileEncoding = 4; lastKnownFileType = sourcecode.swift; path = Response.swift; sourceTree = "<group>"; };
		3F123ED51F0A8AF700672D97 /* Header.swift */ = {isa = PBXFileReference; fileEncoding = 4; lastKnownFileType = sourcecode.swift; path = Header.swift; sourceTree = "<group>"; };
		3F123ED71F0A8D2100672D97 /* Items.swift */ = {isa = PBXFileReference; fileEncoding = 4; lastKnownFileType = sourcecode.swift; path = Items.swift; sourceTree = "<group>"; };
		3F123EDB1F0A8F2D00672D97 /* Body.swift */ = {isa = PBXFileReference; fileEncoding = 4; lastKnownFileType = sourcecode.swift; path = Body.swift; sourceTree = "<group>"; };
		3F1F89241F0D4F3A008DDD8B /* FestivalCell.swift */ = {isa = PBXFileReference; fileEncoding = 4; lastKnownFileType = sourcecode.swift; path = FestivalCell.swift; sourceTree = "<group>"; };
		3F1F89251F0D4F3A008DDD8B /* FestivalCell.xib */ = {isa = PBXFileReference; fileEncoding = 4; lastKnownFileType = file.xib; path = FestivalCell.xib; sourceTree = "<group>"; };
		66C0B42FEBD89C591A291DF9 /* Pods-TestApp.release.xcconfig */ = {isa = PBXFileReference; includeInIndex = 1; lastKnownFileType = text.xcconfig; name = "Pods-TestApp.release.xcconfig"; path = "Pods/Target Support Files/Pods-TestApp/Pods-TestApp.release.xcconfig"; sourceTree = "<group>"; };
		91707AF0639E04DCD48317C1 /* Pods-TestApp.debug.xcconfig */ = {isa = PBXFileReference; includeInIndex = 1; lastKnownFileType = text.xcconfig; name = "Pods-TestApp.debug.xcconfig"; path = "Pods/Target Support Files/Pods-TestApp/Pods-TestApp.debug.xcconfig"; sourceTree = "<group>"; };
/* End PBXFileReference section */

/* Begin PBXFrameworksBuildPhase section */
		18880C541F0A0AFA00F46571 /* Frameworks */ = {
			isa = PBXFrameworksBuildPhase;
			buildActionMask = 2147483647;
			files = (
				DDDD3F9E55AE2DE69AFAD1C1 /* Pods_TestApp.framework in Frameworks */,
			);
			runOnlyForDeploymentPostprocessing = 0;
		};
/* End PBXFrameworksBuildPhase section */

/* Begin PBXGroup section */
		18880C4E1F0A0AFA00F46571 = {
			isa = PBXGroup;
			children = (
				18880C591F0A0AFA00F46571 /* TestApp */,
				18880C581F0A0AFA00F46571 /* Products */,
				4E2C5651E38952DBE68FCC2E /* Pods */,
				3E3FD13B88FE429600FC387B /* Frameworks */,
			);
			sourceTree = "<group>";
		};
		18880C581F0A0AFA00F46571 /* Products */ = {
			isa = PBXGroup;
			children = (
				18880C571F0A0AFA00F46571 /* TestApp.app */,
			);
			name = Products;
			sourceTree = "<group>";
		};
		18880C591F0A0AFA00F46571 /* TestApp */ = {
			isa = PBXGroup;
			children = (
				3F11258A1F11A7C5009C9A47 /* Common */,
				3F1F89221F0D4F12008DDD8B /* View */,
				3F123ED01F0A801E00672D97 /* Model */,
				18880C791F0A433700F46571 /* Controller */,
				18880C721F0A362D00F46571 /* Network */,
				18880C5A1F0A0AFA00F46571 /* AppDelegate.swift */,
				18880C5E1F0A0AFA00F46571 /* Main.storyboard */,
				18880C6C1F0A2EB300F46571 /* Park.swift */,
				18880C611F0A0AFA00F46571 /* Assets.xcassets */,
				18880C631F0A0AFA00F46571 /* LaunchScreen.storyboard */,
				18880C661F0A0AFA00F46571 /* Info.plist */,
			);
			path = TestApp;
			sourceTree = "<group>";
		};
		18880C721F0A362D00F46571 /* Network */ = {
			isa = PBXGroup;
			children = (
				18880C751F0A3A6500F46571 /* HttpManager.swift */,
				18880C731F0A364900F46571 /* FestivalManager.swift */,
				18880C771F0A3AB400F46571 /* ImageManager.swift */,
			);
			name = Network;
			sourceTree = "<group>";
		};
		18880C791F0A433700F46571 /* Controller */ = {
			isa = PBXGroup;
			children = (
				3F1125811F11A297009C9A47 /* MainViewController.swift */,
				3F1125831F11A35E009C9A47 /* HomeViewController.swift */,
			);
			name = Controller;
			sourceTree = "<group>";
		};
		3E3FD13B88FE429600FC387B /* Frameworks */ = {
			isa = PBXGroup;
			children = (
				10B5F428DB5BF0B0614EF4DF /* Pods_TestApp.framework */,
			);
			name = Frameworks;
			sourceTree = "<group>";
		};
		3F1125891F11A461009C9A47 /* CollectionView Cell */ = {
			isa = PBXGroup;
			children = (
				3F1F89241F0D4F3A008DDD8B /* FestivalCell.swift */,
				3F1F89251F0D4F3A008DDD8B /* FestivalCell.xib */,
			);
			name = "CollectionView Cell";
			sourceTree = "<group>";
		};
		3F11258A1F11A7C5009C9A47 /* Common */ = {
			isa = PBXGroup;
			children = (
				3F11258C1F11A7EE009C9A47 /* Constants.swift */,
			);
			name = Common;
			sourceTree = "<group>";
		};
		3F123ED01F0A801E00672D97 /* Model */ = {
			isa = PBXGroup;
			children = (
				3F123ED31F0A89BB00672D97 /* Response.swift */,
				3F123ED51F0A8AF700672D97 /* Header.swift */,
				3F123EDB1F0A8F2D00672D97 /* Body.swift */,
				3F123ED11F0A80AF00672D97 /* Festival.swift */,
				3F123ED71F0A8D2100672D97 /* Items.swift */,
			);
			name = Model;
			sourceTree = "<group>";
		};
		3F1F89221F0D4F12008DDD8B /* View */ = {
			isa = PBXGroup;
			children = (
				3F1125891F11A461009C9A47 /* CollectionView Cell */,
				3F1F89231F0D4F1A008DDD8B /* Table Cell */,
			);
			name = View;
			sourceTree = "<group>";
		};
		3F1F89231F0D4F1A008DDD8B /* Table Cell */ = {
			isa = PBXGroup;
			children = (
				3F1125861F11A44A009C9A47 /* MainBannerCell.xib */,
				3F1125851F11A44A009C9A47 /* MainBannerCell.swift */,
				3F11258E1F11A913009C9A47 /* ThemaCell.swift */,
				3F11258F1F11A913009C9A47 /* ThemaCell.xib */,
				3F1125961F11A940009C9A47 /* BestPlaceCell.swift */,
				3F1125971F11A940009C9A47 /* BestPlaceCell.xib */,
				3F11259A1F11A968009C9A47 /* LocationRecommendCell.swift */,
				3F11259B1F11A968009C9A47 /* LocationRecommendCell.xib */,
				3F11259E1F11A9BB009C9A47 /* PersonalRecommendCell.swift */,
				3F11259F1F11A9BB009C9A47 /* PersonalRecommendCell.xib */,
			);
			name = "Table Cell";
			sourceTree = "<group>";
		};
		4E2C5651E38952DBE68FCC2E /* Pods */ = {
			isa = PBXGroup;
			children = (
				91707AF0639E04DCD48317C1 /* Pods-TestApp.debug.xcconfig */,
				66C0B42FEBD89C591A291DF9 /* Pods-TestApp.release.xcconfig */,
			);
			name = Pods;
			sourceTree = "<group>";
		};
/* End PBXGroup section */

/* Begin PBXNativeTarget section */
		18880C561F0A0AFA00F46571 /* TestApp */ = {
			isa = PBXNativeTarget;
			buildConfigurationList = 18880C691F0A0AFA00F46571 /* Build configuration list for PBXNativeTarget "TestApp" */;
			buildPhases = (
				E0408B82101A2007E8011904 /* [CP] Check Pods Manifest.lock */,
				18880C531F0A0AFA00F46571 /* Sources */,
				18880C541F0A0AFA00F46571 /* Frameworks */,
				18880C551F0A0AFA00F46571 /* Resources */,
				E2773149BF7E695B11C92A6D /* [CP] Embed Pods Frameworks */,
				2CA755883EE8C78AE441FDA0 /* [CP] Copy Pods Resources */,
			);
			buildRules = (
			);
			dependencies = (
			);
			name = TestApp;
			productName = TestApp;
			productReference = 18880C571F0A0AFA00F46571 /* TestApp.app */;
			productType = "com.apple.product-type.application";
		};
/* End PBXNativeTarget section */

/* Begin PBXProject section */
		18880C4F1F0A0AFA00F46571 /* Project object */ = {
			isa = PBXProject;
			attributes = {
				LastSwiftUpdateCheck = 0830;
				LastUpgradeCheck = 0830;
				ORGANIZATIONNAME = hany;
				TargetAttributes = {
					18880C561F0A0AFA00F46571 = {
						CreatedOnToolsVersion = 8.3.3;
						DevelopmentTeam = 5AR46C3QNP;
						ProvisioningStyle = Automatic;
					};
				};
			};
			buildConfigurationList = 18880C521F0A0AFA00F46571 /* Build configuration list for PBXProject "TestApp" */;
			compatibilityVersion = "Xcode 3.2";
			developmentRegion = English;
			hasScannedForEncodings = 0;
			knownRegions = (
				en,
				Base,
			);
			mainGroup = 18880C4E1F0A0AFA00F46571;
			productRefGroup = 18880C581F0A0AFA00F46571 /* Products */;
			projectDirPath = "";
			projectRoot = "";
			targets = (
				18880C561F0A0AFA00F46571 /* TestApp */,
			);
		};
/* End PBXProject section */

/* Begin PBXResourcesBuildPhase section */
		18880C551F0A0AFA00F46571 /* Resources */ = {
			isa = PBXResourcesBuildPhase;
			buildActionMask = 2147483647;
			files = (
				3F11259D1F11A968009C9A47 /* LocationRecommendCell.xib in Resources */,
				18880C651F0A0AFA00F46571 /* LaunchScreen.storyboard in Resources */,
				18880C621F0A0AFA00F46571 /* Assets.xcassets in Resources */,
				18880C601F0A0AFA00F46571 /* Main.storyboard in Resources */,
				3F1125A11F11A9BB009C9A47 /* PersonalRecommendCell.xib in Resources */,
				3F1F89271F0D4F3A008DDD8B /* FestivalCell.xib in Resources */,
				3F1125991F11A940009C9A47 /* BestPlaceCell.xib in Resources */,
				3F1125881F11A44A009C9A47 /* MainBannerCell.xib in Resources */,
				3F1125911F11A913009C9A47 /* ThemaCell.xib in Resources */,
			);
			runOnlyForDeploymentPostprocessing = 0;
		};
/* End PBXResourcesBuildPhase section */

/* Begin PBXShellScriptBuildPhase section */
		2CA755883EE8C78AE441FDA0 /* [CP] Copy Pods Resources */ = {
			isa = PBXShellScriptBuildPhase;
			buildActionMask = 2147483647;
			files = (
			);
			inputPaths = (
			);
			name = "[CP] Copy Pods Resources";
			outputPaths = (
			);
			runOnlyForDeploymentPostprocessing = 0;
			shellPath = /bin/sh;
			shellScript = "\"${SRCROOT}/Pods/Target Support Files/Pods-TestApp/Pods-TestApp-resources.sh\"\n";
			showEnvVarsInLog = 0;
		};
		E0408B82101A2007E8011904 /* [CP] Check Pods Manifest.lock */ = {
			isa = PBXShellScriptBuildPhase;
			buildActionMask = 2147483647;
			files = (
			);
			inputPaths = (
			);
			name = "[CP] Check Pods Manifest.lock";
			outputPaths = (
			);
			runOnlyForDeploymentPostprocessing = 0;
			shellPath = /bin/sh;
			shellScript = "diff \"${PODS_PODFILE_DIR_PATH}/Podfile.lock\" \"${PODS_ROOT}/Manifest.lock\" > /dev/null\nif [ $? != 0 ] ; then\n    # print error to STDERR\n    echo \"error: The sandbox is not in sync with the Podfile.lock. Run 'pod install' or update your CocoaPods installation.\" >&2\n    exit 1\nfi\n";
			showEnvVarsInLog = 0;
		};
		E2773149BF7E695B11C92A6D /* [CP] Embed Pods Frameworks */ = {
			isa = PBXShellScriptBuildPhase;
			buildActionMask = 2147483647;
			files = (
			);
			inputPaths = (
			);
			name = "[CP] Embed Pods Frameworks";
			outputPaths = (
			);
			runOnlyForDeploymentPostprocessing = 0;
			shellPath = /bin/sh;
			shellScript = "\"${SRCROOT}/Pods/Target Support Files/Pods-TestApp/Pods-TestApp-frameworks.sh\"\n";
			showEnvVarsInLog = 0;
		};
/* End PBXShellScriptBuildPhase section */

/* Begin PBXSourcesBuildPhase section */
		18880C531F0A0AFA00F46571 /* Sources */ = {
			isa = PBXSourcesBuildPhase;
			buildActionMask = 2147483647;
			files = (
				3F1F89261F0D4F3A008DDD8B /* FestivalCell.swift in Sources */,
				3F11258D1F11A7EE009C9A47 /* Constants.swift in Sources */,
				3F123EDC1F0A8F2D00672D97 /* Body.swift in Sources */,
				3F1125821F11A297009C9A47 /* MainViewController.swift in Sources */,
				3F123ED41F0A89BB00672D97 /* Response.swift in Sources */,
				3F1125981F11A940009C9A47 /* BestPlaceCell.swift in Sources */,
				3F123ED61F0A8AF700672D97 /* Header.swift in Sources */,
				18880C741F0A364900F46571 /* FestivalManager.swift in Sources */,
				3F123ED21F0A80AF00672D97 /* Festival.swift in Sources */,
				3F1125841F11A35E009C9A47 /* HomeViewController.swift in Sources */,
				18880C781F0A3AB400F46571 /* ImageManager.swift in Sources */,
				3F1125901F11A913009C9A47 /* ThemaCell.swift in Sources */,
				3F1125A01F11A9BB009C9A47 /* PersonalRecommendCell.swift in Sources */,
				3F1125871F11A44A009C9A47 /* MainBannerCell.swift in Sources */,
				3F123ED81F0A8D2100672D97 /* Items.swift in Sources */,
				3F11259C1F11A968009C9A47 /* LocationRecommendCell.swift in Sources */,
				18880C761F0A3A6500F46571 /* HttpManager.swift in Sources */,
				18880C6D1F0A2EB300F46571 /* Park.swift in Sources */,
				18880C5B1F0A0AFA00F46571 /* AppDelegate.swift in Sources */,
			);
			runOnlyForDeploymentPostprocessing = 0;
		};
/* End PBXSourcesBuildPhase section */

/* Begin PBXVariantGroup section */
		18880C5E1F0A0AFA00F46571 /* Main.storyboard */ = {
			isa = PBXVariantGroup;
			children = (
				18880C5F1F0A0AFA00F46571 /* Base */,
			);
			name = Main.storyboard;
			sourceTree = "<group>";
		};
		18880C631F0A0AFA00F46571 /* LaunchScreen.storyboard */ = {
			isa = PBXVariantGroup;
			children = (
				18880C641F0A0AFA00F46571 /* Base */,
			);
			name = LaunchScreen.storyboard;
			sourceTree = "<group>";
		};
/* End PBXVariantGroup section */

/* Begin XCBuildConfiguration section */
		18880C671F0A0AFA00F46571 /* Debug */ = {
			isa = XCBuildConfiguration;
			buildSettings = {
				ALWAYS_SEARCH_USER_PATHS = NO;
				CLANG_ANALYZER_NONNULL = YES;
				CLANG_ANALYZER_NUMBER_OBJECT_CONVERSION = YES_AGGRESSIVE;
				CLANG_CXX_LANGUAGE_STANDARD = "gnu++0x";
				CLANG_CXX_LIBRARY = "libc++";
				CLANG_ENABLE_MODULES = YES;
				CLANG_ENABLE_OBJC_ARC = YES;
				CLANG_WARN_BOOL_CONVERSION = YES;
				CLANG_WARN_CONSTANT_CONVERSION = YES;
				CLANG_WARN_DIRECT_OBJC_ISA_USAGE = YES_ERROR;
				CLANG_WARN_DOCUMENTATION_COMMENTS = YES;
				CLANG_WARN_EMPTY_BODY = YES;
				CLANG_WARN_ENUM_CONVERSION = YES;
				CLANG_WARN_INFINITE_RECURSION = YES;
				CLANG_WARN_INT_CONVERSION = YES;
				CLANG_WARN_OBJC_ROOT_CLASS = YES_ERROR;
				CLANG_WARN_SUSPICIOUS_MOVE = YES;
				CLANG_WARN_UNREACHABLE_CODE = YES;
				CLANG_WARN__DUPLICATE_METHOD_MATCH = YES;
				"CODE_SIGN_IDENTITY[sdk=iphoneos*]" = "iPhone Developer";
				COPY_PHASE_STRIP = NO;
				DEBUG_INFORMATION_FORMAT = dwarf;
				ENABLE_STRICT_OBJC_MSGSEND = YES;
				ENABLE_TESTABILITY = YES;
				GCC_C_LANGUAGE_STANDARD = gnu99;
				GCC_DYNAMIC_NO_PIC = NO;
				GCC_NO_COMMON_BLOCKS = YES;
				GCC_OPTIMIZATION_LEVEL = 0;
				GCC_PREPROCESSOR_DEFINITIONS = (
					"DEBUG=1",
					"$(inherited)",
				);
				GCC_WARN_64_TO_32_BIT_CONVERSION = YES;
				GCC_WARN_ABOUT_RETURN_TYPE = YES_ERROR;
				GCC_WARN_UNDECLARED_SELECTOR = YES;
				GCC_WARN_UNINITIALIZED_AUTOS = YES_AGGRESSIVE;
				GCC_WARN_UNUSED_FUNCTION = YES;
				GCC_WARN_UNUSED_VARIABLE = YES;
				IPHONEOS_DEPLOYMENT_TARGET = 10.3;
				MTL_ENABLE_DEBUG_INFO = YES;
				ONLY_ACTIVE_ARCH = YES;
				SDKROOT = iphoneos;
				SWIFT_ACTIVE_COMPILATION_CONDITIONS = DEBUG;
				SWIFT_OPTIMIZATION_LEVEL = "-Onone";
				TARGETED_DEVICE_FAMILY = "1,2";
			};
			name = Debug;
		};
		18880C681F0A0AFA00F46571 /* Release */ = {
			isa = XCBuildConfiguration;
			buildSettings = {
				ALWAYS_SEARCH_USER_PATHS = NO;
				CLANG_ANALYZER_NONNULL = YES;
				CLANG_ANALYZER_NUMBER_OBJECT_CONVERSION = YES_AGGRESSIVE;
				CLANG_CXX_LANGUAGE_STANDARD = "gnu++0x";
				CLANG_CXX_LIBRARY = "libc++";
				CLANG_ENABLE_MODULES = YES;
				CLANG_ENABLE_OBJC_ARC = YES;
				CLANG_WARN_BOOL_CONVERSION = YES;
				CLANG_WARN_CONSTANT_CONVERSION = YES;
				CLANG_WARN_DIRECT_OBJC_ISA_USAGE = YES_ERROR;
				CLANG_WARN_DOCUMENTATION_COMMENTS = YES;
				CLANG_WARN_EMPTY_BODY = YES;
				CLANG_WARN_ENUM_CONVERSION = YES;
				CLANG_WARN_INFINITE_RECURSION = YES;
				CLANG_WARN_INT_CONVERSION = YES;
				CLANG_WARN_OBJC_ROOT_CLASS = YES_ERROR;
				CLANG_WARN_SUSPICIOUS_MOVE = YES;
				CLANG_WARN_UNREACHABLE_CODE = YES;
				CLANG_WARN__DUPLICATE_METHOD_MATCH = YES;
				"CODE_SIGN_IDENTITY[sdk=iphoneos*]" = "iPhone Developer";
				COPY_PHASE_STRIP = NO;
				DEBUG_INFORMATION_FORMAT = "dwarf-with-dsym";
				ENABLE_NS_ASSERTIONS = NO;
				ENABLE_STRICT_OBJC_MSGSEND = YES;
				GCC_C_LANGUAGE_STANDARD = gnu99;
				GCC_NO_COMMON_BLOCKS = YES;
				GCC_WARN_64_TO_32_BIT_CONVERSION = YES;
				GCC_WARN_ABOUT_RETURN_TYPE = YES_ERROR;
				GCC_WARN_UNDECLARED_SELECTOR = YES;
				GCC_WARN_UNINITIALIZED_AUTOS = YES_AGGRESSIVE;
				GCC_WARN_UNUSED_FUNCTION = YES;
				GCC_WARN_UNUSED_VARIABLE = YES;
				IPHONEOS_DEPLOYMENT_TARGET = 10.3;
				MTL_ENABLE_DEBUG_INFO = NO;
				SDKROOT = iphoneos;
				SWIFT_OPTIMIZATION_LEVEL = "-Owholemodule";
				TARGETED_DEVICE_FAMILY = "1,2";
				VALIDATE_PRODUCT = YES;
			};
			name = Release;
		};
		18880C6A1F0A0AFA00F46571 /* Debug */ = {
			isa = XCBuildConfiguration;
			baseConfigurationReference = 91707AF0639E04DCD48317C1 /* Pods-TestApp.debug.xcconfig */;
			buildSettings = {
				ASSETCATALOG_COMPILER_APPICON_NAME = AppIcon;
				CODE_SIGN_IDENTITY = "iPhone Developer";
				"CODE_SIGN_IDENTITY[sdk=iphoneos*]" = "iPhone Developer";
				DEVELOPMENT_TEAM = 5AR46C3QNP;
				INFOPLIST_FILE = TestApp/Info.plist;
				IPHONEOS_DEPLOYMENT_TARGET = 9.0;
				LD_RUNPATH_SEARCH_PATHS = "$(inherited) @executable_path/Frameworks";
				PRODUCT_BUNDLE_IDENTIFIER = hany.test.TestApp;
				PRODUCT_NAME = "$(TARGET_NAME)";
				PROVISIONING_PROFILE_SPECIFIER = "";
				SWIFT_VERSION = 3.0;
				TARGETED_DEVICE_FAMILY = 1;
			};
			name = Debug;
		};
		18880C6B1F0A0AFA00F46571 /* Release */ = {
			isa = XCBuildConfiguration;
			baseConfigurationReference = 66C0B42FEBD89C591A291DF9 /* Pods-TestApp.release.xcconfig */;
			buildSettings = {
				ASSETCATALOG_COMPILER_APPICON_NAME = AppIcon;
				CODE_SIGN_IDENTITY = "iPhone Developer";
				"CODE_SIGN_IDENTITY[sdk=iphoneos*]" = "iPhone Developer";
				DEVELOPMENT_TEAM = 5AR46C3QNP;
				INFOPLIST_FILE = TestApp/Info.plist;
				IPHONEOS_DEPLOYMENT_TARGET = 9.0;
				LD_RUNPATH_SEARCH_PATHS = "$(inherited) @executable_path/Frameworks";
				PRODUCT_BUNDLE_IDENTIFIER = hany.test.TestApp;
				PRODUCT_NAME = "$(TARGET_NAME)";
				PROVISIONING_PROFILE_SPECIFIER = "";
				SWIFT_VERSION = 3.0;
				TARGETED_DEVICE_FAMILY = 1;
			};
			name = Release;
		};
/* End XCBuildConfiguration section */

/* Begin XCConfigurationList section */
		18880C521F0A0AFA00F46571 /* Build configuration list for PBXProject "TestApp" */ = {
			isa = XCConfigurationList;
			buildConfigurations = (
				18880C671F0A0AFA00F46571 /* Debug */,
				18880C681F0A0AFA00F46571 /* Release */,
			);
			defaultConfigurationIsVisible = 0;
			defaultConfigurationName = Release;
		};
		18880C691F0A0AFA00F46571 /* Build configuration list for PBXNativeTarget "TestApp" */ = {
			isa = XCConfigurationList;
			buildConfigurations = (
				18880C6A1F0A0AFA00F46571 /* Debug */,
				18880C6B1F0A0AFA00F46571 /* Release */,
			);
			defaultConfigurationIsVisible = 0;
			defaultConfigurationName = Release;
		};
/* End XCConfigurationList section */
	};
	rootObject = 18880C4F1F0A0AFA00F46571 /* Project object */;
}
